
Microsoft Visual Studio Solution File, Format Version 12.00
# Visual Studio Version 17
VisualStudioVersion = 17.8.34322.80
MinimumVisualStudioVersion = 10.0.40219.1
Project("{FAE04EC0-301F-11D3-BF4B-00C04F79EFBC}") = "AdventOfCode_2023", "AdventOfCode_2023\AdventOfCode_2023.csproj", "{C35CD5BA-519B-4BE9-B6D3-04579B9B5F54}"
EndProject
Global
	GlobalSection(SolutionConfigurationPlatforms) = preSolution
		Debug|Any CPU = Debug|Any CPU
		Release|Any CPU = Release|Any CPU
	EndGlobalSection
	GlobalSection(ProjectConfigurationPlatforms) = postSolution
		{C35CD5BA-519B-4BE9-B6D3-04579B9B5F54}.Debug|Any CPU.ActiveCfg = Debug|Any CPU
		{C35CD5BA-519B-4BE9-B6D3-04579B9B5F54}.Debug|Any CPU.Build.0 = Debug|Any CPU
		{C35CD5BA-519B-4BE9-B6D3-04579B9B5F54}.Release|Any CPU.ActiveCfg = Release|Any CPU
		{C35CD5BA-519B-4BE9-B6D3-04579B9B5F54}.Release|Any CPU.Build.0 = Release|Any CPU
	EndGlobalSection
	GlobalSection(SolutionProperties) = preSolution
		HideSolutionNode = FALSE
	EndGlobalSection
	GlobalSection(ExtensibilityGlobals) = postSolution
		SolutionGuid = {48D33341-0706-466B-BD48-0F3C645D9253}
	EndGlobalSection
EndGlobal
